
Microsoft Visual Studio Solution File, Format Version 12.00
# Visual Studio Version 17
VisualStudioVersion = 17.4.33205.214
MinimumVisualStudioVersion = 10.0.40219.1
Project("{FAE04EC0-301F-11D3-BF4B-00C04F79EFBC}") = "Arrays", "Arrays.csproj", "{5794BAF1-3355-45F6-B2E8-0C283911F7AE}"
EndProject
Global
	GlobalSection(SolutionConfigurationPlatforms) = preSolution
		Debug|Any CPU = Debug|Any CPU
		Release|Any CPU = Release|Any CPU
	EndGlobalSection
	GlobalSection(ProjectConfigurationPlatforms) = postSolution
		{5794BAF1-3355-45F6-B2E8-0C283911F7AE}.Debug|Any CPU.ActiveCfg = Debug|Any CPU
		{5794BAF1-3355-45F6-B2E8-0C283911F7AE}.Debug|Any CPU.Build.0 = Debug|Any CPU
		{5794BAF1-3355-45F6-B2E8-0C283911F7AE}.Release|Any CPU.ActiveCfg = Release|Any CPU
		{5794BAF1-3355-45F6-B2E8-0C283911F7AE}.Release|Any CPU.Build.0 = Release|Any CPU
	EndGlobalSection
	GlobalSection(SolutionProperties) = preSolution
		HideSolutionNode = FALSE
	EndGlobalSection
	GlobalSection(ExtensibilityGlobals) = postSolution
		SolutionGuid = {13BC16FB-854A-40F7-8713-A3B7570DD435}
	EndGlobalSection
EndGlobal
